lockfileVersion: '6.0'

settings:
  autoInstallPeers: true
  excludeLinksFromLockfile: false

devDependencies:
  '@upstash/redis':
    specifier: ^1.28.4
    version: 1.28.4
  typescript:
    specifier: ^5.4.2
    version: 5.4.2

packages:

  /@upstash/redis@1.28.4:
    resolution: {integrity: sha512-UalkSAny/dz1m8giEhD3Y5ru1o+CPHI32wFyS3MyzDzj2TRvEN+lTw+mPwi20ojk0H2gs8TBW3qsrvwuLLy+pA==}
    dependencies:
      crypto-js: 4.2.0
    dev: true

  /crypto-js@4.2.0:
    resolution: {integrity: sha512-KALDyEYgpY+Rlob/iriUtjV6d5Eq+Y191A5g4UqLAi8CyGP9N1+FdVbkc1SxKc2r4YAYqG8JzO2KGL+AizD70Q==}
    dev: true

  /typescript@5.4.2:
    resolution: {integrity: sha512-+2/g0Fds1ERlP6JsakQQDXjZdZMM+rqpamFZJEKh4kwTIn3iDkgKtby0CeNd5ATNZ4Ry1ax15TMx0W2V+miizQ==}
    engines: {node: '>=14.17'}
    hasBin: true
    dev: true
